
Microsoft Visual Studio Solution File, Format Version 12.00
# Visual Studio Version 17
VisualStudioVersion = 17.0.31903.59
MinimumVisualStudioVersion = 10.0.40219.1
Project("{2150E333-8FDC-42A3-9474-1A3956D46DE8}") = "Contracts", "Contracts", "{A73F2606-6D4C-3EEE-1759-0E59DCFEF523}"
EndProject
Project("{FAE04EC0-301F-11D3-BF4B-00C04F79EFBC}") = "GuildaMensageria.Contracts", "Contracts\GuildaMensageria.Contracts\GuildaMensageria.Contracts.csproj", "{B1DDF1B2-3455-449F-AED2-04046EAA3C8E}"
EndProject
Project("{2150E333-8FDC-42A3-9474-1A3956D46DE8}") = "DispatchService", "DispatchService", "{C83EA554-6F1B-A485-DD2B-8117C274D7FF}"
EndProject
Project("{FAE04EC0-301F-11D3-BF4B-00C04F79EFBC}") = "DispatchService.Host.Api", "DispatchService\DispatchService.Host.Api\DispatchService.Host.Api.csproj", "{CB896C89-F5F1-4D3F-8174-BBD18E715D2E}"
EndProject
Project("{FAE04EC0-301F-11D3-BF4B-00C04F79EFBC}") = "DispatchService.Application", "DispatchService\DispatchService.Application\DispatchService.Application.csproj", "{FF238C21-0583-4606-BFB5-0D080A30C8EC}"
EndProject
Project("{FAE04EC0-301F-11D3-BF4B-00C04F79EFBC}") = "DispatchService.Domain", "DispatchService\DispatchService.Domain\DispatchService.Domain.csproj", "{016D16CF-DA35-4E21-ACBF-18EBA76CD1E7}"
EndProject
Project("{FAE04EC0-301F-11D3-BF4B-00C04F79EFBC}") = "DispatchService.Infrastructure", "DispatchService\DispatchService.Infrastructure\DispatchService.Infrastructure.csproj", "{99F842EF-F6A9-4022-9E8F-53D57E33A1EB}"
EndProject
Project("{FAE04EC0-301F-11D3-BF4B-00C04F79EFBC}") = "DispatchService.Integration", "DispatchService\DispatchService.Integration\DispatchService.Integration.csproj", "{97C49E9C-4766-45FE-B5CD-2F87614C1EE0}"
EndProject
Project("{2150E333-8FDC-42A3-9474-1A3956D46DE8}") = "DeliveryService", "DeliveryService", "{5AE0A5B9-5AF4-DC15-99C6-BB1AFA64E2E6}"
EndProject
Project("{FAE04EC0-301F-11D3-BF4B-00C04F79EFBC}") = "DeliveryService.Host.Worker", "DeliveryService\DeliveryService.Host.Worker\DeliveryService.Host.Worker.csproj", "{E28F9C85-6C3A-425F-BF39-0E7EF8BB86F8}"
EndProject
Project("{FAE04EC0-301F-11D3-BF4B-00C04F79EFBC}") = "DeliveryService.Application", "DeliveryService\DeliveryService.Application\DeliveryService.Application.csproj", "{632788E5-15EE-4D79-AC8A-675AD6838F6C}"
EndProject
Project("{FAE04EC0-301F-11D3-BF4B-00C04F79EFBC}") = "DeliveryService.Domain", "DeliveryService\DeliveryService.Domain\DeliveryService.Domain.csproj", "{2F252D3D-2880-40AE-8B20-9B5E05912357}"
EndProject
Project("{FAE04EC0-301F-11D3-BF4B-00C04F79EFBC}") = "DeliveryService.Infrastructure", "DeliveryService\DeliveryService.Infrastructure\DeliveryService.Infrastructure.csproj", "{CB8AD393-A2CF-47E0-B4AA-5A134CF01ED0}"
EndProject
Project("{FAE04EC0-301F-11D3-BF4B-00C04F79EFBC}") = "DeliveryService.Integration", "DeliveryService\DeliveryService.Integration\DeliveryService.Integration.csproj", "{C364448F-3A9A-4862-B058-171A62431558}"
EndProject
Project("{2150E333-8FDC-42A3-9474-1A3956D46DE8}") = "InboxService", "InboxService", "{1ED14B1B-9F5B-9206-894C-E1CB582A3AC8}"
EndProject
Project("{FAE04EC0-301F-11D3-BF4B-00C04F79EFBC}") = "InboxService.Host.Worker", "InboxService\InboxService.Host.Worker\InboxService.Host.Worker.csproj", "{818C48D0-6FC7-4878-BD28-DFBCE1B28575}"
EndProject
Project("{FAE04EC0-301F-11D3-BF4B-00C04F79EFBC}") = "InboxService.Application", "InboxService\InboxService.Application\InboxService.Application.csproj", "{CB32A46E-0428-442F-A4B6-E85BBB0D836F}"
EndProject
Project("{FAE04EC0-301F-11D3-BF4B-00C04F79EFBC}") = "InboxService.Domain", "InboxService\InboxService.Domain\InboxService.Domain.csproj", "{9B6077A6-FC52-42BA-B490-80DC35372E6B}"
EndProject
Project("{FAE04EC0-301F-11D3-BF4B-00C04F79EFBC}") = "InboxService.Infrastructure", "InboxService\InboxService.Infrastructure\InboxService.Infrastructure.csproj", "{107FC645-0E50-4279-B938-07774B9C086F}"
EndProject
Project("{FAE04EC0-301F-11D3-BF4B-00C04F79EFBC}") = "InboxService.Integration", "InboxService\InboxService.Integration\InboxService.Integration.csproj", "{858D6D47-679F-4B88-AB00-7954F30FA91C}"
EndProject
Project("{2150E333-8FDC-42A3-9474-1A3956D46DE8}") = "NotificationService", "NotificationService", "{0BAE62A9-2200-0262-2CB5-8EE825167370}"
EndProject
Project("{FAE04EC0-301F-11D3-BF4B-00C04F79EFBC}") = "NotificationService.Host.Worker", "NotificationService\NotificationService.Host.Worker\NotificationService.Host.Worker.csproj", "{4EC0D1E9-2A5A-4B4D-B8DE-88E911DDE175}"
EndProject
Project("{FAE04EC0-301F-11D3-BF4B-00C04F79EFBC}") = "NotificationService.Application", "NotificationService\NotificationService.Application\NotificationService.Application.csproj", "{265975D6-6DAB-4399-BE3B-180386DD5BFB}"
EndProject
Project("{FAE04EC0-301F-11D3-BF4B-00C04F79EFBC}") = "NotificationService.Domain", "NotificationService\NotificationService.Domain\NotificationService.Domain.csproj", "{99189D26-9374-4D6D-A222-156140AC82FC}"
EndProject
Project("{FAE04EC0-301F-11D3-BF4B-00C04F79EFBC}") = "NotificationService.Infrastructure", "NotificationService\NotificationService.Infrastructure\NotificationService.Infrastructure.csproj", "{1DBC3068-C041-40D0-B424-004656E04EA1}"
EndProject
Project("{FAE04EC0-301F-11D3-BF4B-00C04F79EFBC}") = "NotificationService.Integration", "NotificationService\NotificationService.Integration\NotificationService.Integration.csproj", "{2B0269DB-85F6-430B-A140-D4CA604BA33A}"
EndProject
Global
	GlobalSection(SolutionConfigurationPlatforms) = preSolution
		Debug|Any CPU = Debug|Any CPU
		Debug|x64 = Debug|x64
		Debug|x86 = Debug|x86
		Release|Any CPU = Release|Any CPU
		Release|x64 = Release|x64
		Release|x86 = Release|x86
	EndGlobalSection
	GlobalSection(ProjectConfigurationPlatforms) = postSolution
		{B1DDF1B2-3455-449F-AED2-04046EAA3C8E}.Debug|Any CPU.ActiveCfg = Debug|Any CPU
		{B1DDF1B2-3455-449F-AED2-04046EAA3C8E}.Debug|Any CPU.Build.0 = Debug|Any CPU
		{B1DDF1B2-3455-449F-AED2-04046EAA3C8E}.Debug|x64.ActiveCfg = Debug|Any CPU
		{B1DDF1B2-3455-449F-AED2-04046EAA3C8E}.Debug|x64.Build.0 = Debug|Any CPU
		{B1DDF1B2-3455-449F-AED2-04046EAA3C8E}.Debug|x86.ActiveCfg = Debug|Any CPU
		{B1DDF1B2-3455-449F-AED2-04046EAA3C8E}.Debug|x86.Build.0 = Debug|Any CPU
		{B1DDF1B2-3455-449F-AED2-04046EAA3C8E}.Release|Any CPU.ActiveCfg = Release|Any CPU
		{B1DDF1B2-3455-449F-AED2-04046EAA3C8E}.Release|Any CPU.Build.0 = Release|Any CPU
		{B1DDF1B2-3455-449F-AED2-04046EAA3C8E}.Release|x64.ActiveCfg = Release|Any CPU
		{B1DDF1B2-3455-449F-AED2-04046EAA3C8E}.Release|x64.Build.0 = Release|Any CPU
		{B1DDF1B2-3455-449F-AED2-04046EAA3C8E}.Release|x86.ActiveCfg = Release|Any CPU
		{B1DDF1B2-3455-449F-AED2-04046EAA3C8E}.Release|x86.Build.0 = Release|Any CPU
		{CB896C89-F5F1-4D3F-8174-BBD18E715D2E}.Debug|Any CPU.ActiveCfg = Debug|Any CPU
		{CB896C89-F5F1-4D3F-8174-BBD18E715D2E}.Debug|Any CPU.Build.0 = Debug|Any CPU
		{CB896C89-F5F1-4D3F-8174-BBD18E715D2E}.Debug|x64.ActiveCfg = Debug|Any CPU
		{CB896C89-F5F1-4D3F-8174-BBD18E715D2E}.Debug|x64.Build.0 = Debug|Any CPU
		{CB896C89-F5F1-4D3F-8174-BBD18E715D2E}.Debug|x86.ActiveCfg = Debug|Any CPU
		{CB896C89-F5F1-4D3F-8174-BBD18E715D2E}.Debug|x86.Build.0 = Debug|Any CPU
		{CB896C89-F5F1-4D3F-8174-BBD18E715D2E}.Release|Any CPU.ActiveCfg = Release|Any CPU
		{CB896C89-F5F1-4D3F-8174-BBD18E715D2E}.Release|Any CPU.Build.0 = Release|Any CPU
		{CB896C89-F5F1-4D3F-8174-BBD18E715D2E}.Release|x64.ActiveCfg = Release|Any CPU
		{CB896C89-F5F1-4D3F-8174-BBD18E715D2E}.Release|x64.Build.0 = Release|Any CPU
		{CB896C89-F5F1-4D3F-8174-BBD18E715D2E}.Release|x86.ActiveCfg = Release|Any CPU
		{CB896C89-F5F1-4D3F-8174-BBD18E715D2E}.Release|x86.Build.0 = Release|Any CPU
		{FF238C21-0583-4606-BFB5-0D080A30C8EC}.Debug|Any CPU.ActiveCfg = Debug|Any CPU
		{FF238C21-0583-4606-BFB5-0D080A30C8EC}.Debug|Any CPU.Build.0 = Debug|Any CPU
		{FF238C21-0583-4606-BFB5-0D080A30C8EC}.Debug|x64.ActiveCfg = Debug|Any CPU
		{FF238C21-0583-4606-BFB5-0D080A30C8EC}.Debug|x64.Build.0 = Debug|Any CPU
		{FF238C21-0583-4606-BFB5-0D080A30C8EC}.Debug|x86.ActiveCfg = Debug|Any CPU
		{FF238C21-0583-4606-BFB5-0D080A30C8EC}.Debug|x86.Build.0 = Debug|Any CPU
		{FF238C21-0583-4606-BFB5-0D080A30C8EC}.Release|Any CPU.ActiveCfg = Release|Any CPU
		{FF238C21-0583-4606-BFB5-0D080A30C8EC}.Release|Any CPU.Build.0 = Release|Any CPU
		{FF238C21-0583-4606-BFB5-0D080A30C8EC}.Release|x64.ActiveCfg = Release|Any CPU
		{FF238C21-0583-4606-BFB5-0D080A30C8EC}.Release|x64.Build.0 = Release|Any CPU
		{FF238C21-0583-4606-BFB5-0D080A30C8EC}.Release|x86.ActiveCfg = Release|Any CPU
		{FF238C21-0583-4606-BFB5-0D080A30C8EC}.Release|x86.Build.0 = Release|Any CPU
		{016D16CF-DA35-4E21-ACBF-18EBA76CD1E7}.Debug|Any CPU.ActiveCfg = Debug|Any CPU
		{016D16CF-DA35-4E21-ACBF-18EBA76CD1E7}.Debug|Any CPU.Build.0 = Debug|Any CPU
		{016D16CF-DA35-4E21-ACBF-18EBA76CD1E7}.Debug|x64.ActiveCfg = Debug|Any CPU
		{016D16CF-DA35-4E21-ACBF-18EBA76CD1E7}.Debug|x64.Build.0 = Debug|Any CPU
		{016D16CF-DA35-4E21-ACBF-18EBA76CD1E7}.Debug|x86.ActiveCfg = Debug|Any CPU
		{016D16CF-DA35-4E21-ACBF-18EBA76CD1E7}.Debug|x86.Build.0 = Debug|Any CPU
		{016D16CF-DA35-4E21-ACBF-18EBA76CD1E7}.Release|Any CPU.ActiveCfg = Release|Any CPU
		{016D16CF-DA35-4E21-ACBF-18EBA76CD1E7}.Release|Any CPU.Build.0 = Release|Any CPU
		{016D16CF-DA35-4E21-ACBF-18EBA76CD1E7}.Release|x64.ActiveCfg = Release|Any CPU
		{016D16CF-DA35-4E21-ACBF-18EBA76CD1E7}.Release|x64.Build.0 = Release|Any CPU
		{016D16CF-DA35-4E21-ACBF-18EBA76CD1E7}.Release|x86.ActiveCfg = Release|Any CPU
		{016D16CF-DA35-4E21-ACBF-18EBA76CD1E7}.Release|x86.Build.0 = Release|Any CPU
		{99F842EF-F6A9-4022-9E8F-53D57E33A1EB}.Debug|Any CPU.ActiveCfg = Debug|Any CPU
		{99F842EF-F6A9-4022-9E8F-53D57E33A1EB}.Debug|Any CPU.Build.0 = Debug|Any CPU
		{99F842EF-F6A9-4022-9E8F-53D57E33A1EB}.Debug|x64.ActiveCfg = Debug|Any CPU
		{99F842EF-F6A9-4022-9E8F-53D57E33A1EB}.Debug|x64.Build.0 = Debug|Any CPU
		{99F842EF-F6A9-4022-9E8F-53D57E33A1EB}.Debug|x86.ActiveCfg = Debug|Any CPU
		{99F842EF-F6A9-4022-9E8F-53D57E33A1EB}.Debug|x86.Build.0 = Debug|Any CPU
		{99F842EF-F6A9-4022-9E8F-53D57E33A1EB}.Release|Any CPU.ActiveCfg = Release|Any CPU
		{99F842EF-F6A9-4022-9E8F-53D57E33A1EB}.Release|Any CPU.Build.0 = Release|Any CPU
		{99F842EF-F6A9-4022-9E8F-53D57E33A1EB}.Release|x64.ActiveCfg = Release|Any CPU
		{99F842EF-F6A9-4022-9E8F-53D57E33A1EB}.Release|x64.Build.0 = Release|Any CPU
		{99F842EF-F6A9-4022-9E8F-53D57E33A1EB}.Release|x86.ActiveCfg = Release|Any CPU
		{99F842EF-F6A9-4022-9E8F-53D57E33A1EB}.Release|x86.Build.0 = Release|Any CPU
		{97C49E9C-4766-45FE-B5CD-2F87614C1EE0}.Debug|Any CPU.ActiveCfg = Debug|Any CPU
		{97C49E9C-4766-45FE-B5CD-2F87614C1EE0}.Debug|Any CPU.Build.0 = Debug|Any CPU
		{97C49E9C-4766-45FE-B5CD-2F87614C1EE0}.Debug|x64.ActiveCfg = Debug|Any CPU
		{97C49E9C-4766-45FE-B5CD-2F87614C1EE0}.Debug|x64.Build.0 = Debug|Any CPU
		{97C49E9C-4766-45FE-B5CD-2F87614C1EE0}.Debug|x86.ActiveCfg = Debug|Any CPU
		{97C49E9C-4766-45FE-B5CD-2F87614C1EE0}.Debug|x86.Build.0 = Debug|Any CPU
		{97C49E9C-4766-45FE-B5CD-2F87614C1EE0}.Release|Any CPU.ActiveCfg = Release|Any CPU
		{97C49E9C-4766-45FE-B5CD-2F87614C1EE0}.Release|Any CPU.Build.0 = Release|Any CPU
		{97C49E9C-4766-45FE-B5CD-2F87614C1EE0}.Release|x64.ActiveCfg = Release|Any CPU
		{97C49E9C-4766-45FE-B5CD-2F87614C1EE0}.Release|x64.Build.0 = Release|Any CPU
		{97C49E9C-4766-45FE-B5CD-2F87614C1EE0}.Release|x86.ActiveCfg = Release|Any CPU
		{97C49E9C-4766-45FE-B5CD-2F87614C1EE0}.Release|x86.Build.0 = Release|Any CPU
		{E28F9C85-6C3A-425F-BF39-0E7EF8BB86F8}.Debug|Any CPU.ActiveCfg = Debug|Any CPU
		{E28F9C85-6C3A-425F-BF39-0E7EF8BB86F8}.Debug|Any CPU.Build.0 = Debug|Any CPU
		{E28F9C85-6C3A-425F-BF39-0E7EF8BB86F8}.Debug|x64.ActiveCfg = Debug|Any CPU
		{E28F9C85-6C3A-425F-BF39-0E7EF8BB86F8}.Debug|x64.Build.0 = Debug|Any CPU
		{E28F9C85-6C3A-425F-BF39-0E7EF8BB86F8}.Debug|x86.ActiveCfg = Debug|Any CPU
		{E28F9C85-6C3A-425F-BF39-0E7EF8BB86F8}.Debug|x86.Build.0 = Debug|Any CPU
		{E28F9C85-6C3A-425F-BF39-0E7EF8BB86F8}.Release|Any CPU.ActiveCfg = Release|Any CPU
		{E28F9C85-6C3A-425F-BF39-0E7EF8BB86F8}.Release|Any CPU.Build.0 = Release|Any CPU
		{E28F9C85-6C3A-425F-BF39-0E7EF8BB86F8}.Release|x64.ActiveCfg = Release|Any CPU
		{E28F9C85-6C3A-425F-BF39-0E7EF8BB86F8}.Release|x64.Build.0 = Release|Any CPU
		{E28F9C85-6C3A-425F-BF39-0E7EF8BB86F8}.Release|x86.ActiveCfg = Release|Any CPU
		{E28F9C85-6C3A-425F-BF39-0E7EF8BB86F8}.Release|x86.Build.0 = Release|Any CPU
		{632788E5-15EE-4D79-AC8A-675AD6838F6C}.Debug|Any CPU.ActiveCfg = Debug|Any CPU
		{632788E5-15EE-4D79-AC8A-675AD6838F6C}.Debug|Any CPU.Build.0 = Debug|Any CPU
		{632788E5-15EE-4D79-AC8A-675AD6838F6C}.Debug|x64.ActiveCfg = Debug|Any CPU
		{632788E5-15EE-4D79-AC8A-675AD6838F6C}.Debug|x64.Build.0 = Debug|Any CPU
		{632788E5-15EE-4D79-AC8A-675AD6838F6C}.Debug|x86.ActiveCfg = Debug|Any CPU
		{632788E5-15EE-4D79-AC8A-675AD6838F6C}.Debug|x86.Build.0 = Debug|Any CPU
		{632788E5-15EE-4D79-AC8A-675AD6838F6C}.Release|Any CPU.ActiveCfg = Release|Any CPU
		{632788E5-15EE-4D79-AC8A-675AD6838F6C}.Release|Any CPU.Build.0 = Release|Any CPU
		{632788E5-15EE-4D79-AC8A-675AD6838F6C}.Release|x64.ActiveCfg = Release|Any CPU
		{632788E5-15EE-4D79-AC8A-675AD6838F6C}.Release|x64.Build.0 = Release|Any CPU
		{632788E5-15EE-4D79-AC8A-675AD6838F6C}.Release|x86.ActiveCfg = Release|Any CPU
		{632788E5-15EE-4D79-AC8A-675AD6838F6C}.Release|x86.Build.0 = Release|Any CPU
		{2F252D3D-2880-40AE-8B20-9B5E05912357}.Debug|Any CPU.ActiveCfg = Debug|Any CPU
		{2F252D3D-2880-40AE-8B20-9B5E05912357}.Debug|Any CPU.Build.0 = Debug|Any CPU
		{2F252D3D-2880-40AE-8B20-9B5E05912357}.Debug|x64.ActiveCfg = Debug|Any CPU
		{2F252D3D-2880-40AE-8B20-9B5E05912357}.Debug|x64.Build.0 = Debug|Any CPU
		{2F252D3D-2880-40AE-8B20-9B5E05912357}.Debug|x86.ActiveCfg = Debug|Any CPU
		{2F252D3D-2880-40AE-8B20-9B5E05912357}.Debug|x86.Build.0 = Debug|Any CPU
		{2F252D3D-2880-40AE-8B20-9B5E05912357}.Release|Any CPU.ActiveCfg = Release|Any CPU
		{2F252D3D-2880-40AE-8B20-9B5E05912357}.Release|Any CPU.Build.0 = Release|Any CPU
		{2F252D3D-2880-40AE-8B20-9B5E05912357}.Release|x64.ActiveCfg = Release|Any CPU
		{2F252D3D-2880-40AE-8B20-9B5E05912357}.Release|x64.Build.0 = Release|Any CPU
		{2F252D3D-2880-40AE-8B20-9B5E05912357}.Release|x86.ActiveCfg = Release|Any CPU
		{2F252D3D-2880-40AE-8B20-9B5E05912357}.Release|x86.Build.0 = Release|Any CPU
		{CB8AD393-A2CF-47E0-B4AA-5A134CF01ED0}.Debug|Any CPU.ActiveCfg = Debug|Any CPU
		{CB8AD393-A2CF-47E0-B4AA-5A134CF01ED0}.Debug|Any CPU.Build.0 = Debug|Any CPU
		{CB8AD393-A2CF-47E0-B4AA-5A134CF01ED0}.Debug|x64.ActiveCfg = Debug|Any CPU
		{CB8AD393-A2CF-47E0-B4AA-5A134CF01ED0}.Debug|x64.Build.0 = Debug|Any CPU
		{CB8AD393-A2CF-47E0-B4AA-5A134CF01ED0}.Debug|x86.ActiveCfg = Debug|Any CPU
		{CB8AD393-A2CF-47E0-B4AA-5A134CF01ED0}.Debug|x86.Build.0 = Debug|Any CPU
		{CB8AD393-A2CF-47E0-B4AA-5A134CF01ED0}.Release|Any CPU.ActiveCfg = Release|Any CPU
		{CB8AD393-A2CF-47E0-B4AA-5A134CF01ED0}.Release|Any CPU.Build.0 = Release|Any CPU
		{CB8AD393-A2CF-47E0-B4AA-5A134CF01ED0}.Release|x64.ActiveCfg = Release|Any CPU
		{CB8AD393-A2CF-47E0-B4AA-5A134CF01ED0}.Release|x64.Build.0 = Release|Any CPU
		{CB8AD393-A2CF-47E0-B4AA-5A134CF01ED0}.Release|x86.ActiveCfg = Release|Any CPU
		{CB8AD393-A2CF-47E0-B4AA-5A134CF01ED0}.Release|x86.Build.0 = Release|Any CPU
		{C364448F-3A9A-4862-B058-171A62431558}.Debug|Any CPU.ActiveCfg = Debug|Any CPU
		{C364448F-3A9A-4862-B058-171A62431558}.Debug|Any CPU.Build.0 = Debug|Any CPU
		{C364448F-3A9A-4862-B058-171A62431558}.Debug|x64.ActiveCfg = Debug|Any CPU
		{C364448F-3A9A-4862-B058-171A62431558}.Debug|x64.Build.0 = Debug|Any CPU
		{C364448F-3A9A-4862-B058-171A62431558}.Debug|x86.ActiveCfg = Debug|Any CPU
		{C364448F-3A9A-4862-B058-171A62431558}.Debug|x86.Build.0 = Debug|Any CPU
		{C364448F-3A9A-4862-B058-171A62431558}.Release|Any CPU.ActiveCfg = Release|Any CPU
		{C364448F-3A9A-4862-B058-171A62431558}.Release|Any CPU.Build.0 = Release|Any CPU
		{C364448F-3A9A-4862-B058-171A62431558}.Release|x64.ActiveCfg = Release|Any CPU
		{C364448F-3A9A-4862-B058-171A62431558}.Release|x64.Build.0 = Release|Any CPU
		{C364448F-3A9A-4862-B058-171A62431558}.Release|x86.ActiveCfg = Release|Any CPU
		{C364448F-3A9A-4862-B058-171A62431558}.Release|x86.Build.0 = Release|Any CPU
		{818C48D0-6FC7-4878-BD28-DFBCE1B28575}.Debug|Any CPU.ActiveCfg = Debug|Any CPU
		{818C48D0-6FC7-4878-BD28-DFBCE1B28575}.Debug|Any CPU.Build.0 = Debug|Any CPU
		{818C48D0-6FC7-4878-BD28-DFBCE1B28575}.Debug|x64.ActiveCfg = Debug|Any CPU
		{818C48D0-6FC7-4878-BD28-DFBCE1B28575}.Debug|x64.Build.0 = Debug|Any CPU
		{818C48D0-6FC7-4878-BD28-DFBCE1B28575}.Debug|x86.ActiveCfg = Debug|Any CPU
		{818C48D0-6FC7-4878-BD28-DFBCE1B28575}.Debug|x86.Build.0 = Debug|Any CPU
		{818C48D0-6FC7-4878-BD28-DFBCE1B28575}.Release|Any CPU.ActiveCfg = Release|Any CPU
		{818C48D0-6FC7-4878-BD28-DFBCE1B28575}.Release|Any CPU.Build.0 = Release|Any CPU
		{818C48D0-6FC7-4878-BD28-DFBCE1B28575}.Release|x64.ActiveCfg = Release|Any CPU
		{818C48D0-6FC7-4878-BD28-DFBCE1B28575}.Release|x64.Build.0 = Release|Any CPU
		{818C48D0-6FC7-4878-BD28-DFBCE1B28575}.Release|x86.ActiveCfg = Release|Any CPU
		{818C48D0-6FC7-4878-BD28-DFBCE1B28575}.Release|x86.Build.0 = Release|Any CPU
		{CB32A46E-0428-442F-A4B6-E85BBB0D836F}.Debug|Any CPU.ActiveCfg = Debug|Any CPU
		{CB32A46E-0428-442F-A4B6-E85BBB0D836F}.Debug|Any CPU.Build.0 = Debug|Any CPU
		{CB32A46E-0428-442F-A4B6-E85BBB0D836F}.Debug|x64.ActiveCfg = Debug|Any CPU
		{CB32A46E-0428-442F-A4B6-E85BBB0D836F}.Debug|x64.Build.0 = Debug|Any CPU
		{CB32A46E-0428-442F-A4B6-E85BBB0D836F}.Debug|x86.ActiveCfg = Debug|Any CPU
		{CB32A46E-0428-442F-A4B6-E85BBB0D836F}.Debug|x86.Build.0 = Debug|Any CPU
		{CB32A46E-0428-442F-A4B6-E85BBB0D836F}.Release|Any CPU.ActiveCfg = Release|Any CPU
		{CB32A46E-0428-442F-A4B6-E85BBB0D836F}.Release|Any CPU.Build.0 = Release|Any CPU
		{CB32A46E-0428-442F-A4B6-E85BBB0D836F}.Release|x64.ActiveCfg = Release|Any CPU
		{CB32A46E-0428-442F-A4B6-E85BBB0D836F}.Release|x64.Build.0 = Release|Any CPU
		{CB32A46E-0428-442F-A4B6-E85BBB0D836F}.Release|x86.ActiveCfg = Release|Any CPU
		{CB32A46E-0428-442F-A4B6-E85BBB0D836F}.Release|x86.Build.0 = Release|Any CPU
		{9B6077A6-FC52-42BA-B490-80DC35372E6B}.Debug|Any CPU.ActiveCfg = Debug|Any CPU
		{9B6077A6-FC52-42BA-B490-80DC35372E6B}.Debug|Any CPU.Build.0 = Debug|Any CPU
		{9B6077A6-FC52-42BA-B490-80DC35372E6B}.Debug|x64.ActiveCfg = Debug|Any CPU
		{9B6077A6-FC52-42BA-B490-80DC35372E6B}.Debug|x64.Build.0 = Debug|Any CPU
		{9B6077A6-FC52-42BA-B490-80DC35372E6B}.Debug|x86.ActiveCfg = Debug|Any CPU
		{9B6077A6-FC52-42BA-B490-80DC35372E6B}.Debug|x86.Build.0 = Debug|Any CPU
		{9B6077A6-FC52-42BA-B490-80DC35372E6B}.Release|Any CPU.ActiveCfg = Release|Any CPU
		{9B6077A6-FC52-42BA-B490-80DC35372E6B}.Release|Any CPU.Build.0 = Release|Any CPU
		{9B6077A6-FC52-42BA-B490-80DC35372E6B}.Release|x64.ActiveCfg = Release|Any CPU
		{9B6077A6-FC52-42BA-B490-80DC35372E6B}.Release|x64.Build.0 = Release|Any CPU
		{9B6077A6-FC52-42BA-B490-80DC35372E6B}.Release|x86.ActiveCfg = Release|Any CPU
		{9B6077A6-FC52-42BA-B490-80DC35372E6B}.Release|x86.Build.0 = Release|Any CPU
		{107FC645-0E50-4279-B938-07774B9C086F}.Debug|Any CPU.ActiveCfg = Debug|Any CPU
		{107FC645-0E50-4279-B938-07774B9C086F}.Debug|Any CPU.Build.0 = Debug|Any CPU
		{107FC645-0E50-4279-B938-07774B9C086F}.Debug|x64.ActiveCfg = Debug|Any CPU
		{107FC645-0E50-4279-B938-07774B9C086F}.Debug|x64.Build.0 = Debug|Any CPU
		{107FC645-0E50-4279-B938-07774B9C086F}.Debug|x86.ActiveCfg = Debug|Any CPU
		{107FC645-0E50-4279-B938-07774B9C086F}.Debug|x86.Build.0 = Debug|Any CPU
		{107FC645-0E50-4279-B938-07774B9C086F}.Release|Any CPU.ActiveCfg = Release|Any CPU
		{107FC645-0E50-4279-B938-07774B9C086F}.Release|Any CPU.Build.0 = Release|Any CPU
		{107FC645-0E50-4279-B938-07774B9C086F}.Release|x64.ActiveCfg = Release|Any CPU
		{107FC645-0E50-4279-B938-07774B9C086F}.Release|x64.Build.0 = Release|Any CPU
		{107FC645-0E50-4279-B938-07774B9C086F}.Release|x86.ActiveCfg = Release|Any CPU
		{107FC645-0E50-4279-B938-07774B9C086F}.Release|x86.Build.0 = Release|Any CPU
		{858D6D47-679F-4B88-AB00-7954F30FA91C}.Debug|Any CPU.ActiveCfg = Debug|Any CPU
		{858D6D47-679F-4B88-AB00-7954F30FA91C}.Debug|Any CPU.Build.0 = Debug|Any CPU
		{858D6D47-679F-4B88-AB00-7954F30FA91C}.Debug|x64.ActiveCfg = Debug|Any CPU
		{858D6D47-679F-4B88-AB00-7954F30FA91C}.Debug|x64.Build.0 = Debug|Any CPU
		{858D6D47-679F-4B88-AB00-7954F30FA91C}.Debug|x86.ActiveCfg = Debug|Any CPU
		{858D6D47-679F-4B88-AB00-7954F30FA91C}.Debug|x86.Build.0 = Debug|Any CPU
		{858D6D47-679F-4B88-AB00-7954F30FA91C}.Release|Any CPU.ActiveCfg = Release|Any CPU
		{858D6D47-679F-4B88-AB00-7954F30FA91C}.Release|Any CPU.Build.0 = Release|Any CPU
		{858D6D47-679F-4B88-AB00-7954F30FA91C}.Release|x64.ActiveCfg = Release|Any CPU
		{858D6D47-679F-4B88-AB00-7954F30FA91C}.Release|x64.Build.0 = Release|Any CPU
		{858D6D47-679F-4B88-AB00-7954F30FA91C}.Release|x86.ActiveCfg = Release|Any CPU
		{858D6D47-679F-4B88-AB00-7954F30FA91C}.Release|x86.Build.0 = Release|Any CPU
		{4EC0D1E9-2A5A-4B4D-B8DE-88E911DDE175}.Debug|Any CPU.ActiveCfg = Debug|Any CPU
		{4EC0D1E9-2A5A-4B4D-B8DE-88E911DDE175}.Debug|Any CPU.Build.0 = Debug|Any CPU
		{4EC0D1E9-2A5A-4B4D-B8DE-88E911DDE175}.Debug|x64.ActiveCfg = Debug|Any CPU
		{4EC0D1E9-2A5A-4B4D-B8DE-88E911DDE175}.Debug|x64.Build.0 = Debug|Any CPU
		{4EC0D1E9-2A5A-4B4D-B8DE-88E911DDE175}.Debug|x86.ActiveCfg = Debug|Any CPU
		{4EC0D1E9-2A5A-4B4D-B8DE-88E911DDE175}.Debug|x86.Build.0 = Debug|Any CPU
		{4EC0D1E9-2A5A-4B4D-B8DE-88E911DDE175}.Release|Any CPU.ActiveCfg = Release|Any CPU
		{4EC0D1E9-2A5A-4B4D-B8DE-88E911DDE175}.Release|Any CPU.Build.0 = Release|Any CPU
		{4EC0D1E9-2A5A-4B4D-B8DE-88E911DDE175}.Release|x64.ActiveCfg = Release|Any CPU
		{4EC0D1E9-2A5A-4B4D-B8DE-88E911DDE175}.Release|x64.Build.0 = Release|Any CPU
		{4EC0D1E9-2A5A-4B4D-B8DE-88E911DDE175}.Release|x86.ActiveCfg = Release|Any CPU
		{4EC0D1E9-2A5A-4B4D-B8DE-88E911DDE175}.Release|x86.Build.0 = Release|Any CPU
		{265975D6-6DAB-4399-BE3B-180386DD5BFB}.Debug|Any CPU.ActiveCfg = Debug|Any CPU
		{265975D6-6DAB-4399-BE3B-180386DD5BFB}.Debug|Any CPU.Build.0 = Debug|Any CPU
		{265975D6-6DAB-4399-BE3B-180386DD5BFB}.Debug|x64.ActiveCfg = Debug|Any CPU
		{265975D6-6DAB-4399-BE3B-180386DD5BFB}.Debug|x64.Build.0 = Debug|Any CPU
		{265975D6-6DAB-4399-BE3B-180386DD5BFB}.Debug|x86.ActiveCfg = Debug|Any CPU
		{265975D6-6DAB-4399-BE3B-180386DD5BFB}.Debug|x86.Build.0 = Debug|Any CPU
		{265975D6-6DAB-4399-BE3B-180386DD5BFB}.Release|Any CPU.ActiveCfg = Release|Any CPU
		{265975D6-6DAB-4399-BE3B-180386DD5BFB}.Release|Any CPU.Build.0 = Release|Any CPU
		{265975D6-6DAB-4399-BE3B-180386DD5BFB}.Release|x64.ActiveCfg = Release|Any CPU
		{265975D6-6DAB-4399-BE3B-180386DD5BFB}.Release|x64.Build.0 = Release|Any CPU
		{265975D6-6DAB-4399-BE3B-180386DD5BFB}.Release|x86.ActiveCfg = Release|Any CPU
		{265975D6-6DAB-4399-BE3B-180386DD5BFB}.Release|x86.Build.0 = Release|Any CPU
		{99189D26-9374-4D6D-A222-156140AC82FC}.Debug|Any CPU.ActiveCfg = Debug|Any CPU
		{99189D26-9374-4D6D-A222-156140AC82FC}.Debug|Any CPU.Build.0 = Debug|Any CPU
		{99189D26-9374-4D6D-A222-156140AC82FC}.Debug|x64.ActiveCfg = Debug|Any CPU
		{99189D26-9374-4D6D-A222-156140AC82FC}.Debug|x64.Build.0 = Debug|Any CPU
		{99189D26-9374-4D6D-A222-156140AC82FC}.Debug|x86.ActiveCfg = Debug|Any CPU
		{99189D26-9374-4D6D-A222-156140AC82FC}.Debug|x86.Build.0 = Debug|Any CPU
		{99189D26-9374-4D6D-A222-156140AC82FC}.Release|Any CPU.ActiveCfg = Release|Any CPU
		{99189D26-9374-4D6D-A222-156140AC82FC}.Release|Any CPU.Build.0 = Release|Any CPU
		{99189D26-9374-4D6D-A222-156140AC82FC}.Release|x64.ActiveCfg = Release|Any CPU
		{99189D26-9374-4D6D-A222-156140AC82FC}.Release|x64.Build.0 = Release|Any CPU
		{99189D26-9374-4D6D-A222-156140AC82FC}.Release|x86.ActiveCfg = Release|Any CPU
		{99189D26-9374-4D6D-A222-156140AC82FC}.Release|x86.Build.0 = Release|Any CPU
		{1DBC3068-C041-40D0-B424-004656E04EA1}.Debug|Any CPU.ActiveCfg = Debug|Any CPU
		{1DBC3068-C041-40D0-B424-004656E04EA1}.Debug|Any CPU.Build.0 = Debug|Any CPU
		{1DBC3068-C041-40D0-B424-004656E04EA1}.Debug|x64.ActiveCfg = Debug|Any CPU
		{1DBC3068-C041-40D0-B424-004656E04EA1}.Debug|x64.Build.0 = Debug|Any CPU
		{1DBC3068-C041-40D0-B424-004656E04EA1}.Debug|x86.ActiveCfg = Debug|Any CPU
		{1DBC3068-C041-40D0-B424-004656E04EA1}.Debug|x86.Build.0 = Debug|Any CPU
		{1DBC3068-C041-40D0-B424-004656E04EA1}.Release|Any CPU.ActiveCfg = Release|Any CPU
		{1DBC3068-C041-40D0-B424-004656E04EA1}.Release|Any CPU.Build.0 = Release|Any CPU
		{1DBC3068-C041-40D0-B424-004656E04EA1}.Release|x64.ActiveCfg = Release|Any CPU
		{1DBC3068-C041-40D0-B424-004656E04EA1}.Release|x64.Build.0 = Release|Any CPU
		{1DBC3068-C041-40D0-B424-004656E04EA1}.Release|x86.ActiveCfg = Release|Any CPU
		{1DBC3068-C041-40D0-B424-004656E04EA1}.Release|x86.Build.0 = Release|Any CPU
		{2B0269DB-85F6-430B-A140-D4CA604BA33A}.Debug|Any CPU.ActiveCfg = Debug|Any CPU
		{2B0269DB-85F6-430B-A140-D4CA604BA33A}.Debug|Any CPU.Build.0 = Debug|Any CPU
		{2B0269DB-85F6-430B-A140-D4CA604BA33A}.Debug|x64.ActiveCfg = Debug|Any CPU
		{2B0269DB-85F6-430B-A140-D4CA604BA33A}.Debug|x64.Build.0 = Debug|Any CPU
		{2B0269DB-85F6-430B-A140-D4CA604BA33A}.Debug|x86.ActiveCfg = Debug|Any CPU
		{2B0269DB-85F6-430B-A140-D4CA604BA33A}.Debug|x86.Build.0 = Debug|Any CPU
		{2B0269DB-85F6-430B-A140-D4CA604BA33A}.Release|Any CPU.ActiveCfg = Release|Any CPU
		{2B0269DB-85F6-430B-A140-D4CA604BA33A}.Release|Any CPU.Build.0 = Release|Any CPU
		{2B0269DB-85F6-430B-A140-D4CA604BA33A}.Release|x64.ActiveCfg = Release|Any CPU
		{2B0269DB-85F6-430B-A140-D4CA604BA33A}.Release|x64.Build.0 = Release|Any CPU
		{2B0269DB-85F6-430B-A140-D4CA604BA33A}.Release|x86.ActiveCfg = Release|Any CPU
		{2B0269DB-85F6-430B-A140-D4CA604BA33A}.Release|x86.Build.0 = Release|Any CPU
	EndGlobalSection
	GlobalSection(SolutionProperties) = preSolution
		HideSolutionNode = FALSE
	EndGlobalSection
	GlobalSection(NestedProjects) = preSolution
		{B1DDF1B2-3455-449F-AED2-04046EAA3C8E} = {A73F2606-6D4C-3EEE-1759-0E59DCFEF523}
		{CB896C89-F5F1-4D3F-8174-BBD18E715D2E} = {C83EA554-6F1B-A485-DD2B-8117C274D7FF}
		{FF238C21-0583-4606-BFB5-0D080A30C8EC} = {C83EA554-6F1B-A485-DD2B-8117C274D7FF}
		{016D16CF-DA35-4E21-ACBF-18EBA76CD1E7} = {C83EA554-6F1B-A485-DD2B-8117C274D7FF}
		{99F842EF-F6A9-4022-9E8F-53D57E33A1EB} = {C83EA554-6F1B-A485-DD2B-8117C274D7FF}
		{97C49E9C-4766-45FE-B5CD-2F87614C1EE0} = {C83EA554-6F1B-A485-DD2B-8117C274D7FF}
		{E28F9C85-6C3A-425F-BF39-0E7EF8BB86F8} = {5AE0A5B9-5AF4-DC15-99C6-BB1AFA64E2E6}
		{632788E5-15EE-4D79-AC8A-675AD6838F6C} = {5AE0A5B9-5AF4-DC15-99C6-BB1AFA64E2E6}
		{2F252D3D-2880-40AE-8B20-9B5E05912357} = {5AE0A5B9-5AF4-DC15-99C6-BB1AFA64E2E6}
		{CB8AD393-A2CF-47E0-B4AA-5A134CF01ED0} = {5AE0A5B9-5AF4-DC15-99C6-BB1AFA64E2E6}
		{C364448F-3A9A-4862-B058-171A62431558} = {5AE0A5B9-5AF4-DC15-99C6-BB1AFA64E2E6}
		{818C48D0-6FC7-4878-BD28-DFBCE1B28575} = {1ED14B1B-9F5B-9206-894C-E1CB582A3AC8}
		{CB32A46E-0428-442F-A4B6-E85BBB0D836F} = {1ED14B1B-9F5B-9206-894C-E1CB582A3AC8}
		{9B6077A6-FC52-42BA-B490-80DC35372E6B} = {1ED14B1B-9F5B-9206-894C-E1CB582A3AC8}
		{107FC645-0E50-4279-B938-07774B9C086F} = {1ED14B1B-9F5B-9206-894C-E1CB582A3AC8}
		{858D6D47-679F-4B88-AB00-7954F30FA91C} = {1ED14B1B-9F5B-9206-894C-E1CB582A3AC8}
		{4EC0D1E9-2A5A-4B4D-B8DE-88E911DDE175} = {0BAE62A9-2200-0262-2CB5-8EE825167370}
		{265975D6-6DAB-4399-BE3B-180386DD5BFB} = {0BAE62A9-2200-0262-2CB5-8EE825167370}
		{99189D26-9374-4D6D-A222-156140AC82FC} = {0BAE62A9-2200-0262-2CB5-8EE825167370}
		{1DBC3068-C041-40D0-B424-004656E04EA1} = {0BAE62A9-2200-0262-2CB5-8EE825167370}
		{2B0269DB-85F6-430B-A140-D4CA604BA33A} = {0BAE62A9-2200-0262-2CB5-8EE825167370}
	EndGlobalSection
EndGlobal
